
Microsoft Visual Studio Solution File, Format Version 12.00
# Visual Studio Version 16
VisualStudioVersion = 16.0.29409.12
MinimumVisualStudioVersion = 10.0.40219.1
Project("{FAE04EC0-301F-11D3-BF4B-00C04F79EFBC}") = "siralisayi", "siralisayi\siralisayi.csproj", "{E784AAC9-40B4-4AE2-925E-1FB6247B1452}"
EndProject
Global
	GlobalSection(SolutionConfigurationPlatforms) = preSolution
		Debug|Any CPU = Debug|Any CPU
		Release|Any CPU = Release|Any CPU
	EndGlobalSection
	GlobalSection(ProjectConfigurationPlatforms) = postSolution
		{E784AAC9-40B4-4AE2-925E-1FB6247B1452}.Debug|Any CPU.ActiveCfg = Debug|Any CPU
		{E784AAC9-40B4-4AE2-925E-1FB6247B1452}.Debug|Any CPU.Build.0 = Debug|Any CPU
		{E784AAC9-40B4-4AE2-925E-1FB6247B1452}.Release|Any CPU.ActiveCfg = Release|Any CPU
		{E784AAC9-40B4-4AE2-925E-1FB6247B1452}.Release|Any CPU.Build.0 = Release|Any CPU
	EndGlobalSection
	GlobalSection(SolutionProperties) = preSolution
		HideSolutionNode = FALSE
	EndGlobalSection
	GlobalSection(ExtensibilityGlobals) = postSolution
		SolutionGuid = {D9EB8F0D-F255-4E74-81B6-4AFD70C39437}
	EndGlobalSection
EndGlobal
